
Microsoft Visual Studio Solution File, Format Version 12.00
# Visual Studio Version 16
VisualStudioVersion = 16.0.31402.337
MinimumVisualStudioVersion = 10.0.40219.1
Project("{9A19103F-16F7-4668-BE54-9A1E7A4F7556}") = "Project0", "Project0\Project0.csproj", "{69628FC7-F0B8-490B-864D-98305FA3E4D2}"
EndProject
Project("{9A19103F-16F7-4668-BE54-9A1E7A4F7556}") = "Project0DbContext", "Project0DbContext\Project0DbContext.csproj", "{BA3D415A-B606-425E-8521-3DDF815B0AFA}"
EndProject
Project("{9A19103F-16F7-4668-BE54-9A1E7A4F7556}") = "Project0BusinessLogic", "Project0BusinessLogic\Project0BusinessLogic.csproj", "{3956E6D1-26B5-4227-B2F3-401FF18AB81E}"
EndProject
Project("{9A19103F-16F7-4668-BE54-9A1E7A4F7556}") = "ModelsLayer", "ModelsLayer\ModelsLayer.csproj", "{81894C1C-14F6-48CC-AD85-F94F39BD73DA}"
EndProject
Project("{FAE04EC0-301F-11D3-BF4B-00C04F79EFBC}") = "Project0Tests", "Project0Tests\Project0Tests.csproj", "{655965B6-6E25-4B63-978A-780EA25C365C}"
EndProject
Global
	GlobalSection(SolutionConfigurationPlatforms) = preSolution
		Debug|Any CPU = Debug|Any CPU
		Release|Any CPU = Release|Any CPU
	EndGlobalSection
	GlobalSection(ProjectConfigurationPlatforms) = postSolution
		{69628FC7-F0B8-490B-864D-98305FA3E4D2}.Debug|Any CPU.ActiveCfg = Debug|Any CPU
		{69628FC7-F0B8-490B-864D-98305FA3E4D2}.Debug|Any CPU.Build.0 = Debug|Any CPU
		{69628FC7-F0B8-490B-864D-98305FA3E4D2}.Release|Any CPU.ActiveCfg = Release|Any CPU
		{69628FC7-F0B8-490B-864D-98305FA3E4D2}.Release|Any CPU.Build.0 = Release|Any CPU
		{BA3D415A-B606-425E-8521-3DDF815B0AFA}.Debug|Any CPU.ActiveCfg = Debug|Any CPU
		{BA3D415A-B606-425E-8521-3DDF815B0AFA}.Debug|Any CPU.Build.0 = Debug|Any CPU
		{BA3D415A-B606-425E-8521-3DDF815B0AFA}.Release|Any CPU.ActiveCfg = Release|Any CPU
		{BA3D415A-B606-425E-8521-3DDF815B0AFA}.Release|Any CPU.Build.0 = Release|Any CPU
		{3956E6D1-26B5-4227-B2F3-401FF18AB81E}.Debug|Any CPU.ActiveCfg = Debug|Any CPU
		{3956E6D1-26B5-4227-B2F3-401FF18AB81E}.Debug|Any CPU.Build.0 = Debug|Any CPU
		{3956E6D1-26B5-4227-B2F3-401FF18AB81E}.Release|Any CPU.ActiveCfg = Release|Any CPU
		{3956E6D1-26B5-4227-B2F3-401FF18AB81E}.Release|Any CPU.Build.0 = Release|Any CPU
		{81894C1C-14F6-48CC-AD85-F94F39BD73DA}.Debug|Any CPU.ActiveCfg = Debug|Any CPU
		{81894C1C-14F6-48CC-AD85-F94F39BD73DA}.Debug|Any CPU.Build.0 = Debug|Any CPU
		{81894C1C-14F6-48CC-AD85-F94F39BD73DA}.Release|Any CPU.ActiveCfg = Release|Any CPU
		{81894C1C-14F6-48CC-AD85-F94F39BD73DA}.Release|Any CPU.Build.0 = Release|Any CPU
		{655965B6-6E25-4B63-978A-780EA25C365C}.Debug|Any CPU.ActiveCfg = Debug|Any CPU
		{655965B6-6E25-4B63-978A-780EA25C365C}.Debug|Any CPU.Build.0 = Debug|Any CPU
		{655965B6-6E25-4B63-978A-780EA25C365C}.Release|Any CPU.ActiveCfg = Release|Any CPU
		{655965B6-6E25-4B63-978A-780EA25C365C}.Release|Any CPU.Build.0 = Release|Any CPU
	EndGlobalSection
	GlobalSection(SolutionProperties) = preSolution
		HideSolutionNode = FALSE
	EndGlobalSection
	GlobalSection(ExtensibilityGlobals) = postSolution
		SolutionGuid = {1FC9C2A6-FC39-4961-9DC7-15EF26FE30B8}
	EndGlobalSection
EndGlobal
